
Microsoft Visual Studio Solution File, Format Version 12.00
# Visual Studio 15
VisualStudioVersion = 15.0.28010.2003
MinimumVisualStudioVersion = 10.0.40219.1
Project("{9A19103F-16F7-4668-BE54-9A1E7A4F7556}") = "AssignmentDemo", "AssignmentDemo\AssignmentDemo.csproj", "{3A5EE513-34C2-42AC-A80C-4650D3C48434}"
EndProject
Project("{9A19103F-16F7-4668-BE54-9A1E7A4F7556}") = "Infrastructure", "Infrastructure\Infrastructure.csproj", "{FA464706-0FD0-472A-951C-65B83DC50D15}"
EndProject
Project("{9A19103F-16F7-4668-BE54-9A1E7A4F7556}") = "ApplicationCore", "ApplicationCore\ApplicationCore.csproj", "{8D9B85B5-012B-4DC2-90E2-149B80C84324}"
EndProject
Project("{00D1A9C2-B5F0-4AF3-8072-F6C62B433612}") = "Database", "Database\Database.sqlproj", "{04AF5462-E98B-41EA-80FB-AEF58FDB5EAF}"
EndProject
Global
	GlobalSection(SolutionConfigurationPlatforms) = preSolution
		Debug|Any CPU = Debug|Any CPU
		Release|Any CPU = Release|Any CPU
	EndGlobalSection
	GlobalSection(ProjectConfigurationPlatforms) = postSolution
		{3A5EE513-34C2-42AC-A80C-4650D3C48434}.Debug|Any CPU.ActiveCfg = Debug|Any CPU
		{3A5EE513-34C2-42AC-A80C-4650D3C48434}.Debug|Any CPU.Build.0 = Debug|Any CPU
		{3A5EE513-34C2-42AC-A80C-4650D3C48434}.Release|Any CPU.ActiveCfg = Release|Any CPU
		{3A5EE513-34C2-42AC-A80C-4650D3C48434}.Release|Any CPU.Build.0 = Release|Any CPU
		{FA464706-0FD0-472A-951C-65B83DC50D15}.Debug|Any CPU.ActiveCfg = Debug|Any CPU
		{FA464706-0FD0-472A-951C-65B83DC50D15}.Debug|Any CPU.Build.0 = Debug|Any CPU
		{FA464706-0FD0-472A-951C-65B83DC50D15}.Release|Any CPU.ActiveCfg = Release|Any CPU
		{FA464706-0FD0-472A-951C-65B83DC50D15}.Release|Any CPU.Build.0 = Release|Any CPU
		{8D9B85B5-012B-4DC2-90E2-149B80C84324}.Debug|Any CPU.ActiveCfg = Debug|Any CPU
		{8D9B85B5-012B-4DC2-90E2-149B80C84324}.Debug|Any CPU.Build.0 = Debug|Any CPU
		{8D9B85B5-012B-4DC2-90E2-149B80C84324}.Release|Any CPU.ActiveCfg = Release|Any CPU
		{8D9B85B5-012B-4DC2-90E2-149B80C84324}.Release|Any CPU.Build.0 = Release|Any CPU
		{04AF5462-E98B-41EA-80FB-AEF58FDB5EAF}.Debug|Any CPU.ActiveCfg = Debug|Any CPU
		{04AF5462-E98B-41EA-80FB-AEF58FDB5EAF}.Debug|Any CPU.Build.0 = Debug|Any CPU
		{04AF5462-E98B-41EA-80FB-AEF58FDB5EAF}.Debug|Any CPU.Deploy.0 = Debug|Any CPU
		{04AF5462-E98B-41EA-80FB-AEF58FDB5EAF}.Release|Any CPU.ActiveCfg = Release|Any CPU
		{04AF5462-E98B-41EA-80FB-AEF58FDB5EAF}.Release|Any CPU.Build.0 = Release|Any CPU
		{04AF5462-E98B-41EA-80FB-AEF58FDB5EAF}.Release|Any CPU.Deploy.0 = Release|Any CPU
	EndGlobalSection
	GlobalSection(SolutionProperties) = preSolution
		HideSolutionNode = FALSE
	EndGlobalSection
	GlobalSection(ExtensibilityGlobals) = postSolution
		SolutionGuid = {F61BAD98-DEF1-4DD1-949A-CDECE1388D5E}
	EndGlobalSection
EndGlobal
